SITE
  remote: http://community.opscode.com/api/v1
  specs:
    apt (2.2.1)
    ark (0.4.0)
    bluepill (2.3.0)
      rsyslog (>= 0.0.0)
    build-essential (1.4.2)
    chef_handler (1.1.4)
    dmg (2.0.8)
    fail2ban (1.2.4)
      yum (>= 0.0.0)
    firewall (0.11.2)
    git (2.7.0)
      build-essential (>= 0.0.0)
      dmg (>= 0.0.0)
      runit (>= 1.0.0)
      windows (>= 0.0.0)
      yum (>= 0.0.0)
    htop (1.1.0)
      yum (>= 0.0.0)
    iptables (0.12.0)
    logrotate (1.4.0)
    nginx (2.0.0)
      apt (~> 2.2)
      bluepill (~> 2.3)
      build-essential (~> 1.4)
      ohai (~> 1.1)
      runit (~> 1.2)
      yum (~> 2.3)
    ntp (1.5.0)
    ohai (1.1.12)
    openssh (1.3.0)
      iptables (>= 0.0.0)
    postfix (3.0.2)
    rsync (0.8.4)
    rsyslog (1.9.0)
    runit (1.3.0)
      build-essential (>= 0.0.0)
      yum (>= 0.0.0)
    sqlite (1.0.0)
    sudo (2.2.2)
    sysctl (0.3.3)
    ufw (0.6.4)
      firewall (>= 0.8.0)
    vim (1.0.2)
    windows (1.11.0)
      chef_handler (>= 0.0.0)
    yum (2.3.4)
    zsh (1.0.0)

GIT
  remote: git://github.com/edelight/chef-solo-search.git
  ref: master
  sha: 681f78a108f5f8a3655551b32d9939603628c568
  specs:
    chef-solo-search (0.5.1)

GIT
  remote: git://github.com/firstbanco/chef-unattended-upgrades.git
  ref: master
  sha: 24cf40f5743fac8e7814e58cc8e3dde2f1ca2de9
  specs:
    unattended-upgrades (1.0.0)
      apt (>= 0.0.0)

GIT
  remote: git://github.com/fnichol/chef-user.git
  ref: master
  sha: ce45d05e13491a82cbb5a2c36292391f3a1aaa36
  specs:
    user (0.3.1)

GIT
  remote: https://github.com/rosstimson/chef-ruby_install.git
  ref: master
  sha: 09e1930202ff237e28d5f44a3ec96ce5c4e1dc8d
  specs:
    ruby_install (0.1.0)
      apt (>= 0.0.0)
      ark (>= 0.0.0)
      yum (>= 0.0.0)

DEPENDENCIES
  apt (>= 0)
  chef-solo-search (>= 0)
  fail2ban (>= 0)
  git (>= 0)
  htop (>= 0)
  logrotate (>= 0)
  nginx (>= 0)
  ntp (>= 0)
  openssh (>= 0)
  postfix (>= 0)
  rsync (>= 0)
  ruby_install (>= 0)
  sqlite (>= 0)
  sudo (>= 0)
  sysctl (>= 0)
  ufw (>= 0)
  unattended-upgrades (>= 0)
  user (>= 0)
  vim (>= 0)
  zsh (>= 0)

