SITE
  remote: http://community.opscode.com/api/v1
  specs:
    apache2 (1.8.14)
    apt (2.6.1)
    ark (0.4.0)
    aws (1.0.0)
    bluepill (2.3.1)
      rsyslog (>= 0.0.0)
    build-essential (2.1.3)
    chef_handler (1.1.4)
    cron (1.2.8)
    database (1.3.2)
      aws (>= 0.0.0)
      mysql (>= 1.2.0)
      postgresql (>= 0.0.0)
      xfs (>= 0.0.0)
    fail2ban (1.2.4)
      yum (>= 0.0.0)
    firewall (0.11.2)
    hipsnip-jetty (0.9.0)
      java (>= 1.10.0)
    htop (1.1.0)
      yum (>= 0.0.0)
    iis (2.0.0)
      windows (>= 1.2.6)
    iptables (0.12.0)
    java (1.15.4)
      aws (>= 0.0.0)
      windows (>= 0.0.0)
    logrotate (1.4.0)
    memcached (1.7.2)
      runit (~> 1.0)
      yum (~> 3.0)
      yum-epel (>= 0.0.0)
    mysql (6.0.17)
      smf (>= 0.0.0)
      yum-mysql-community (>= 0.0.0)
    nginx (2.7.4)
      apt (~> 2.2)
      bluepill (~> 2.3)
      build-essential (~> 2.0)
      ohai (~> 2.0)
      runit (~> 1.2)
      yum-epel (~> 0.3)
    nodejs (1.3.0)
      apt (>= 0.0.0)
      build-essential (>= 0.0.0)
      yum (>= 0.0.0)
    npm (0.1.2)
      nodejs (>= 0.0.0)
    ntp (1.5.0)
    ohai (2.0.1)
    openssh (1.3.0)
      iptables (>= 0.0.0)
    php (1.3.0)
      build-essential (>= 0.0.0)
      iis (>= 0.0.0)
      mysql (>= 0.0.0)
      windows (>= 0.0.0)
      xml (>= 0.0.0)
    platform_packages (0.4.2)
    postfix (3.0.2)
    python (1.4.4)
      build-essential (>= 0.0.0)
      yum (>= 0.0.0)
    rbac (1.0.2)
    rsyslog (1.15.0)
    runit (1.5.16)
      build-essential (>= 0.0.0)
      yum (~> 3.0)
      yum-epel (>= 0.0.0)
    smf (2.2.5)
      rbac (>= 1.0.1)
    sqlite (1.0.0)
    sudo (2.2.2)
    sysctl (0.3.3)
    ufw (0.6.4)
      firewall (>= 0.8.0)
    windows (1.11.0)
      chef_handler (>= 0.0.0)
    xfs (1.1.0)
    xml (1.2.0)
      build-essential (>= 0.0.0)
    yum (3.5.3)
    yum-epel (0.6.0)
      yum (~> 3.0)
    yum-mysql-community (0.1.14)
      yum (>= 3.0)
    zsh (1.0.0)

GIT
  remote: git://github.com/edelight/chef-solo-search.git
  ref: master
  sha: 681f78a108f5f8a3655551b32d9939603628c568
  specs:
    chef-solo-search (0.5.1)

GIT
  remote: git://github.com/fnichol/chef-user.git
  ref: master
  sha: ce45d05e13491a82cbb5a2c36292391f3a1aaa36
  specs:
    user (0.3.1)

GIT
  remote: https://github.com/OpenWatch/etherpad-lite-cookbook.git
  ref: master
  sha: ce75cc6f60f82f873caa0fa14decb065fa208b04
  specs:
    etherpad-lite (0.1.2)
      nginx (>= 0.0.0)
      nodejs (>= 0.0.0)
      npm (>= 0.0.0)
      postgresql (>= 0.0.0)

GIT
  remote: https://github.com/heavywater/chef-newrelic.git
  ref: master
  sha: 054bcdf050bdca3c290db2170bf7a2b606aeb78f
  specs:
    newrelic (0.2.6)
      apt (>= 0.0.0)

GIT
  remote: https://github.com/nickola/chef-hostname.git
  ref: master
  sha: e9bc75a59be6907bf7fe2bc701d2256fb4f841b7
  specs:
    hostname (1.0.0)

GIT
  remote: https://github.com/phlipper/chef-postgresql.git
  ref: master
  sha: df0423d11db9f4cf1c66ae6d94bcde86ab32f30a
  specs:
    postgresql (0.16.1)
      apt (>= 2.6.1)

GIT
  remote: https://github.com/reidab/chef-atheme-services.git
  ref: master
  sha: 37c1053c6c837a64cdd56e78aa654e52a3473c94
  specs:
    atheme-services (0.1.0)
      ark (>= 0.0.0)

GIT
  remote: https://github.com/reidab/cookbook-ngircd.git
  ref: master
  sha: 2b1dbf24fdfdca46f3a8fbd51b063b29d79f135b
  specs:
    ngircd (0.1.0)

GIT
  remote: https://github.com/reidab/solr.git
  ref: both_fixes
  sha: 15c0e60eff90940d278d3e768f652b4fd782f6c0
  specs:
    hipsnip-solr (0.4.2)
      hipsnip-jetty (~> 0.9.0)

GIT
  remote: https://github.com/reidab/sphinx-cookbook.git
  ref: master
  sha: 22ec59fff743310e5f2f0ab74d1daad71784c315
  specs:
    sphinx (1.0.3)
      apt (>= 0.0.0)
      build-essential (>= 1.1.2)
      mysql (>= 0.0.0)
      yum (>= 2.0.0)

GIT
  remote: https://github.com/reidab/znc.git
  ref: master
  sha: 48c837583ed4a436e3893d437c0c07692be0a54d
  specs:
    znc (0.0.1)
      build-essential (>= 0.0.0)
      cron (>= 0.0.0)
      python (>= 0.0.0)
      runit (>= 0.0.0)

GIT
  remote: https://github.com/rosstimson/chef-ruby_install.git
  ref: master
  sha: 09e1930202ff237e28d5f44a3ec96ce5c4e1dc8d
  specs:
    ruby_install (0.1.0)
      apt (>= 0.0.0)
      ark (>= 0.0.0)
      yum (>= 0.0.0)

DEPENDENCIES
  apache2 (>= 0)
  apt (>= 0)
  atheme-services (>= 0)
  chef-solo-search (>= 0)
  database (>= 0)
  etherpad-lite (>= 0)
  fail2ban (>= 0)
  hipsnip-solr (>= 0)
  hostname (>= 0)
  htop (>= 0)
  logrotate (>= 0)
  memcached (>= 0)
  mysql (>= 0)
  newrelic (>= 0)
  nginx (>= 0)
  ngircd (>= 0)
  nodejs (>= 0)
  ntp (>= 0)
  openssh (>= 0)
  php (>= 0)
  platform_packages (>= 0)
  postfix (>= 0)
  postgresql (>= 0)
  ruby_install (>= 0)
  sphinx (>= 0)
  sqlite (>= 0)
  sudo (>= 0)
  sysctl (>= 0)
  ufw (>= 0)
  user (>= 0)
  xml (>= 0)
  znc (>= 0)
  zsh (>= 0)

